
Microsoft Visual Studio Solution File, Format Version 12.00
# Visual Studio 14
VisualStudioVersion = 14.0.23107.0
MinimumVisualStudioVersion = 10.0.40219.1
Project("{FAE04EC0-301F-11D3-BF4B-00C04F79EFBC}") = "ClienteApiVehiculos", "ClienteApiVehiculos\ClienteApiVehiculos.csproj", "{99C3137F-83C8-4DA7-B637-2F2F837CDA76}"
EndProject
Project("{FAE04EC0-301F-11D3-BF4B-00C04F79EFBC}") = "BaseServicios", "BaseServicios\BaseServicios.csproj", "{627005E8-B5EF-48D6-828D-8D2087B2CD79}"
EndProject
Global
	GlobalSection(SolutionConfigurationPlatforms) = preSolution
		Debug|Any CPU = Debug|Any CPU
		Release|Any CPU = Release|Any CPU
	EndGlobalSection
	GlobalSection(ProjectConfigurationPlatforms) = postSolution
		{99C3137F-83C8-4DA7-B637-2F2F837CDA76}.Debug|Any CPU.ActiveCfg = Debug|Any CPU
		{99C3137F-83C8-4DA7-B637-2F2F837CDA76}.Debug|Any CPU.Build.0 = Debug|Any CPU
		{99C3137F-83C8-4DA7-B637-2F2F837CDA76}.Release|Any CPU.ActiveCfg = Release|Any CPU
		{99C3137F-83C8-4DA7-B637-2F2F837CDA76}.Release|Any CPU.Build.0 = Release|Any CPU
		{627005E8-B5EF-48D6-828D-8D2087B2CD79}.Debug|Any CPU.ActiveCfg = Debug|Any CPU
		{627005E8-B5EF-48D6-828D-8D2087B2CD79}.Debug|Any CPU.Build.0 = Debug|Any CPU
		{627005E8-B5EF-48D6-828D-8D2087B2CD79}.Release|Any CPU.ActiveCfg = Release|Any CPU
		{627005E8-B5EF-48D6-828D-8D2087B2CD79}.Release|Any CPU.Build.0 = Release|Any CPU
	EndGlobalSection
	GlobalSection(SolutionProperties) = preSolution
		HideSolutionNode = FALSE
	EndGlobalSection
EndGlobal
